
Microsoft Visual Studio Solution File, Format Version 11.00
# Visual Studio 2010
Project("{FAE04EC0-301F-11D3-BF4B-00C04F79EFBC}") = "Assembly-CSharp", "Assembly-CSharp.csproj", "{943dcb55-6f18-e3c0-8957-cb826da0ad33}"
EndProject
Project("{FAE04EC0-301F-11D3-BF4B-00C04F79EFBC}") = "Assembly-CSharp-firstpass", "Assembly-CSharp-firstpass.csproj", "{a4e37e3c-499a-233f-9275-9144435b0586}"
EndProject
Project("{FAE04EC0-301F-11D3-BF4B-00C04F79EFBC}") = "SimpleInput.Runtime", "SimpleInput.Runtime.csproj", "{d9114d73-e2f8-6e23-efdc-efa5db74de95}"
EndProject
Project("{FAE04EC0-301F-11D3-BF4B-00C04F79EFBC}") = "Assembly-CSharp-Editor", "Assembly-CSharp-Editor.csproj", "{69fcc62b-bd4a-f501-772c-69c6d1b0c7bd}"
EndProject
Project("{FAE04EC0-301F-11D3-BF4B-00C04F79EFBC}") = "SimpleInput.Editor", "SimpleInput.Editor.csproj", "{42ed3f4f-f69f-9e21-d66d-024101035bc9}"
EndProject
Project("{FAE04EC0-301F-11D3-BF4B-00C04F79EFBC}") = "Assembly-CSharp-Editor-firstpass", "Assembly-CSharp-Editor-firstpass.csproj", "{09676b45-4fc7-b892-b2a7-3ba6576efb2f}"
EndProject
Global
	GlobalSection(SolutionConfigurationPlatforms) = preSolution
		Debug|Any CPU = Debug|Any CPU
		Release|Any CPU = Release|Any CPU
	EndGlobalSection
	GlobalSection(ProjectConfigurationPlatforms) = postSolution
		{943dcb55-6f18-e3c0-8957-cb826da0ad33}.Debug|Any CPU.ActiveCfg = Debug|Any CPU
		{943dcb55-6f18-e3c0-8957-cb826da0ad33}.Debug|Any CPU.Build.0 = Debug|Any CPU
		{943dcb55-6f18-e3c0-8957-cb826da0ad33}.Release|Any CPU.ActiveCfg = Release|Any CPU
		{943dcb55-6f18-e3c0-8957-cb826da0ad33}.Release|Any CPU.Build.0 = Release|Any CPU
		{a4e37e3c-499a-233f-9275-9144435b0586}.Debug|Any CPU.ActiveCfg = Debug|Any CPU
		{a4e37e3c-499a-233f-9275-9144435b0586}.Debug|Any CPU.Build.0 = Debug|Any CPU
		{a4e37e3c-499a-233f-9275-9144435b0586}.Release|Any CPU.ActiveCfg = Release|Any CPU
		{a4e37e3c-499a-233f-9275-9144435b0586}.Release|Any CPU.Build.0 = Release|Any CPU
		{d9114d73-e2f8-6e23-efdc-efa5db74de95}.Debug|Any CPU.ActiveCfg = Debug|Any CPU
		{d9114d73-e2f8-6e23-efdc-efa5db74de95}.Debug|Any CPU.Build.0 = Debug|Any CPU
		{d9114d73-e2f8-6e23-efdc-efa5db74de95}.Release|Any CPU.ActiveCfg = Release|Any CPU
		{d9114d73-e2f8-6e23-efdc-efa5db74de95}.Release|Any CPU.Build.0 = Release|Any CPU
		{69fcc62b-bd4a-f501-772c-69c6d1b0c7bd}.Debug|Any CPU.ActiveCfg = Debug|Any CPU
		{69fcc62b-bd4a-f501-772c-69c6d1b0c7bd}.Debug|Any CPU.Build.0 = Debug|Any CPU
		{69fcc62b-bd4a-f501-772c-69c6d1b0c7bd}.Release|Any CPU.ActiveCfg = Release|Any CPU
		{69fcc62b-bd4a-f501-772c-69c6d1b0c7bd}.Release|Any CPU.Build.0 = Release|Any CPU
		{42ed3f4f-f69f-9e21-d66d-024101035bc9}.Debug|Any CPU.ActiveCfg = Debug|Any CPU
		{42ed3f4f-f69f-9e21-d66d-024101035bc9}.Debug|Any CPU.Build.0 = Debug|Any CPU
		{42ed3f4f-f69f-9e21-d66d-024101035bc9}.Release|Any CPU.ActiveCfg = Release|Any CPU
		{42ed3f4f-f69f-9e21-d66d-024101035bc9}.Release|Any CPU.Build.0 = Release|Any CPU
		{09676b45-4fc7-b892-b2a7-3ba6576efb2f}.Debug|Any CPU.ActiveCfg = Debug|Any CPU
		{09676b45-4fc7-b892-b2a7-3ba6576efb2f}.Debug|Any CPU.Build.0 = Debug|Any CPU
		{09676b45-4fc7-b892-b2a7-3ba6576efb2f}.Release|Any CPU.ActiveCfg = Release|Any CPU
		{09676b45-4fc7-b892-b2a7-3ba6576efb2f}.Release|Any CPU.Build.0 = Release|Any CPU
	EndGlobalSection
	GlobalSection(SolutionProperties) = preSolution
		HideSolutionNode = FALSE
	EndGlobalSection
EndGlobal
